{
  "version": 4,
  "terraform_version": "1.8.3",
  "serial": 2,
  "lineage": "a3ce94c4-0fb0-0b54-ab07-579c95046a72",
  "outputs": {
    "My_username": {
      "value": "ec2-user",
      "type": "string"
    },
    "my-public-ip": {
      "value": "44.201.128.45",
      "type": "string"
    }
  },
  "resources": [
    {
      "mode": "managed",
      "type": "aws_lightsail_instance",
      "name": "custom",
      "provider": "provider[\"registry.terraform.io/hashicorp/aws\"]",
      "instances": [
        {
          "schema_version": 0,
          "attributes": {
            "add_on": [],
            "arn": "arn:aws:lightsail:us-east-1:058264304927:Instance/b9172eb3-7981-40ec-8403-abf575b11e8b",
            "availability_zone": "us-east-1b",
            "blueprint_id": "amazon_linux_2",
            "bundle_id": "nano_3_0",
            "cpu_count": 2,
            "created_at": "2024-06-09T20:19:13Z",
            "id": "myserver",
            "ip_address_type": "dualstack",
            "ipv6_address": "2600:1f18:5723:e401:39d3:e00c:2633:c873",
            "ipv6_addresses": [
              "2600:1f18:5723:e401:39d3:e00c:2633:c873"
            ],
            "is_static_ip": false,
            "key_pair_name": "LightsailDefaultKeyPair",
            "name": "myserver",
            "private_ip_address": "172.26.23.109",
            "public_ip_address": "44.201.128.45",
            "ram_size": 0.5,
            "tags": {
              "Team": "DevOps",
              "create_by": "terraform",
              "env": "dev"
            },
            "tags_all": {
              "Team": "DevOps",
              "create_by": "terraform",
              "env": "dev"
            },
            "user_data": "sudo yum install -y httpd \u0026\u0026 sudo systemctl start httpd \u0026\u0026 sudo systemctl enable httpd \u0026\u0026 echo '\u003ch1\u003eDeployed via Terraform\u003c/h1\u003e' | sudo tee /var/www/html/index.html",
            "username": "ec2-user"
          },
          "sensitive_attributes": [],
          "private": "bnVsbA=="
        }
      ]
    }
  ],
  "check_results": null
}
